
Microsoft Visual Studio Solution File, Format Version 12.00
# Visual Studio 15
VisualStudioVersion = 15.0.28307.1321
MinimumVisualStudioVersion = 10.0.40219.1
Project("{159641D6-6404-4A2A-AE62-294DE0FE8301}") = "SnowFlakesEBSProject", "SnowFlakesEBSProject\SnowFlakesEBSProject.dtproj", "{5022E269-ADD2-42F4-8192-5F424832AD49}"
EndProject
Global
	GlobalSection(SolutionConfigurationPlatforms) = preSolution
		Development|Default = Development|Default
	EndGlobalSection
	GlobalSection(ProjectConfigurationPlatforms) = postSolution
		{5022E269-ADD2-42F4-8192-5F424832AD49}.Development|Default.ActiveCfg = Development
		{5022E269-ADD2-42F4-8192-5F424832AD49}.Development|Default.Build.0 = Development
	EndGlobalSection
	GlobalSection(SolutionProperties) = preSolution
		HideSolutionNode = FALSE
	EndGlobalSection
	GlobalSection(ExtensibilityGlobals) = postSolution
		SolutionGuid = {775B0E55-F95C-48CB-AC58-38ABDD4D483A}
	EndGlobalSection
EndGlobal
